
Microsoft Visual Studio Solution File, Format Version 12.00
# Visual Studio Version 17
VisualStudioVersion = 17.13.35828.75
MinimumVisualStudioVersion = 10.0.40219.1
Project("{FAE04EC0-301F-11D3-BF4B-00C04F79EFBC}") = "babbly-user-service", "babbly-user-service\babbly-user-service.csproj", "{60BE6A99-C511-4436-B037-1F10BE081465}"
EndProject
Project("{FAE04EC0-301F-11D3-BF4B-00C04F79EFBC}") = "BabblyUserService.Tests", "BabblyUserService.Tests\BabblyUserService.Tests.csproj", "{60F4D1A4-6E10-45F1-9AE0-1571AECCE154}"
EndProject
Global
	GlobalSection(SolutionConfigurationPlatforms) = preSolution
		Debug|Any CPU = Debug|Any CPU
		Debug|x64 = Debug|x64
		Debug|x86 = Debug|x86
		Release|Any CPU = Release|Any CPU
		Release|x64 = Release|x64
		Release|x86 = Release|x86
	EndGlobalSection
	GlobalSection(ProjectConfigurationPlatforms) = postSolution
		{60BE6A99-C511-4436-B037-1F10BE081465}.Debug|Any CPU.ActiveCfg = Debug|Any CPU
		{60BE6A99-C511-4436-B037-1F10BE081465}.Debug|Any CPU.Build.0 = Debug|Any CPU
		{60BE6A99-C511-4436-B037-1F10BE081465}.Debug|x64.ActiveCfg = Debug|Any CPU
		{60BE6A99-C511-4436-B037-1F10BE081465}.Debug|x64.Build.0 = Debug|Any CPU
		{60BE6A99-C511-4436-B037-1F10BE081465}.Debug|x86.ActiveCfg = Debug|Any CPU
		{60BE6A99-C511-4436-B037-1F10BE081465}.Debug|x86.Build.0 = Debug|Any CPU
		{60BE6A99-C511-4436-B037-1F10BE081465}.Release|Any CPU.ActiveCfg = Release|Any CPU
		{60BE6A99-C511-4436-B037-1F10BE081465}.Release|Any CPU.Build.0 = Release|Any CPU
		{60BE6A99-C511-4436-B037-1F10BE081465}.Release|x64.ActiveCfg = Release|Any CPU
		{60BE6A99-C511-4436-B037-1F10BE081465}.Release|x64.Build.0 = Release|Any CPU
		{60BE6A99-C511-4436-B037-1F10BE081465}.Release|x86.ActiveCfg = Release|Any CPU
		{60BE6A99-C511-4436-B037-1F10BE081465}.Release|x86.Build.0 = Release|Any CPU
		{60F4D1A4-6E10-45F1-9AE0-1571AECCE154}.Debug|Any CPU.ActiveCfg = Debug|Any CPU
		{60F4D1A4-6E10-45F1-9AE0-1571AECCE154}.Debug|Any CPU.Build.0 = Debug|Any CPU
		{60F4D1A4-6E10-45F1-9AE0-1571AECCE154}.Debug|x64.ActiveCfg = Debug|Any CPU
		{60F4D1A4-6E10-45F1-9AE0-1571AECCE154}.Debug|x64.Build.0 = Debug|Any CPU
		{60F4D1A4-6E10-45F1-9AE0-1571AECCE154}.Debug|x86.ActiveCfg = Debug|Any CPU
		{60F4D1A4-6E10-45F1-9AE0-1571AECCE154}.Debug|x86.Build.0 = Debug|Any CPU
		{60F4D1A4-6E10-45F1-9AE0-1571AECCE154}.Release|Any CPU.ActiveCfg = Release|Any CPU
		{60F4D1A4-6E10-45F1-9AE0-1571AECCE154}.Release|Any CPU.Build.0 = Release|Any CPU
		{60F4D1A4-6E10-45F1-9AE0-1571AECCE154}.Release|x64.ActiveCfg = Release|Any CPU
		{60F4D1A4-6E10-45F1-9AE0-1571AECCE154}.Release|x64.Build.0 = Release|Any CPU
		{60F4D1A4-6E10-45F1-9AE0-1571AECCE154}.Release|x86.ActiveCfg = Release|Any CPU
		{60F4D1A4-6E10-45F1-9AE0-1571AECCE154}.Release|x86.Build.0 = Release|Any CPU
	EndGlobalSection
	GlobalSection(SolutionProperties) = preSolution
		HideSolutionNode = FALSE
	EndGlobalSection
	GlobalSection(ExtensibilityGlobals) = postSolution
		SolutionGuid = {6074D15B-F2CB-4034-B723-0EE8C1832794}
	EndGlobalSection
EndGlobal
